{
  "name": "frontend",
  "lockfileVersion": 3,
  "requires": true,
  "packages": {
    "": {
      "dependencies": {
        "react-chat-nodejs": "file:.."
      }
    },
    "..": {
      "version": "1.0.0",
      "license": "ISC",
      "dependencies": {
        "cors": "^2.8.5",
        "express": "^4.18.2",
        "socket.io": "^4.7.2"
      },
      "devDependencies": {
        "nodemon": "^3.0.1"
      }
    },
    "node_modules/react-chat-nodejs": {
      "resolved": "..",
      "link": true
    }
  }
}
